
Microsoft Visual Studio Solution File, Format Version 12.00
# Visual Studio 15
VisualStudioVersion = 15.0.28307.705
MinimumVisualStudioVersion = 10.0.40219.1
Project("{FAE04EC0-301F-11D3-BF4B-00C04F79EFBC}") = "FxScreenshot", "FxScreenshot\FxScreenshot.csproj", "{B62B0C06-535E-4161-BC7C-7107FDBD904B}"
EndProject
Global
	GlobalSection(SolutionConfigurationPlatforms) = preSolution
		Debug|Any CPU = Debug|Any CPU
		Release|Any CPU = Release|Any CPU
	EndGlobalSection
	GlobalSection(ProjectConfigurationPlatforms) = postSolution
		{B62B0C06-535E-4161-BC7C-7107FDBD904B}.Debug|Any CPU.ActiveCfg = Debug|Any CPU
		{B62B0C06-535E-4161-BC7C-7107FDBD904B}.Debug|Any CPU.Build.0 = Debug|Any CPU
		{B62B0C06-535E-4161-BC7C-7107FDBD904B}.Release|Any CPU.ActiveCfg = Release|Any CPU
		{B62B0C06-535E-4161-BC7C-7107FDBD904B}.Release|Any CPU.Build.0 = Release|Any CPU
	EndGlobalSection
	GlobalSection(SolutionProperties) = preSolution
		HideSolutionNode = FALSE
	EndGlobalSection
	GlobalSection(ExtensibilityGlobals) = postSolution
		SolutionGuid = {DA60B98D-8A89-44E4-AB8F-C9AB5DE62A8E}
	EndGlobalSection
EndGlobal
